
Microsoft Visual Studio Solution File, Format Version 12.00
# Visual Studio Version 16
VisualStudioVersion = 16.0.30114.105
MinimumVisualStudioVersion = 10.0.40219.1
Project("{FAE04EC0-301F-11D3-BF4B-00C04F79EFBC}") = "testprogram", "testprogram\testprogram.csproj", "{DE801B9B-6B91-4C32-9130-4C0FBFFF6104}"
EndProject
Project("{FAE04EC0-301F-11D3-BF4B-00C04F79EFBC}") = "testlibrary", "testlibrary\testlibrary.csproj", "{34C3461A-E075-4F21-8E83-353A9F18C600}"
EndProject
Global
	GlobalSection(SolutionConfigurationPlatforms) = preSolution
		Debug|Any CPU = Debug|Any CPU
		Debug|x64 = Debug|x64
		Debug|x86 = Debug|x86
		Release|Any CPU = Release|Any CPU
		Release|x64 = Release|x64
		Release|x86 = Release|x86
	EndGlobalSection
	GlobalSection(SolutionProperties) = preSolution
		HideSolutionNode = FALSE
	EndGlobalSection
	GlobalSection(ProjectConfigurationPlatforms) = postSolution
		{DE801B9B-6B91-4C32-9130-4C0FBFFF6104}.Debug|Any CPU.ActiveCfg = Debug|Any CPU
		{DE801B9B-6B91-4C32-9130-4C0FBFFF6104}.Debug|Any CPU.Build.0 = Debug|Any CPU
		{DE801B9B-6B91-4C32-9130-4C0FBFFF6104}.Debug|x64.ActiveCfg = Debug|Any CPU
		{DE801B9B-6B91-4C32-9130-4C0FBFFF6104}.Debug|x64.Build.0 = Debug|Any CPU
		{DE801B9B-6B91-4C32-9130-4C0FBFFF6104}.Debug|x86.ActiveCfg = Debug|Any CPU
		{DE801B9B-6B91-4C32-9130-4C0FBFFF6104}.Debug|x86.Build.0 = Debug|Any CPU
		{DE801B9B-6B91-4C32-9130-4C0FBFFF6104}.Release|Any CPU.ActiveCfg = Release|Any CPU
		{DE801B9B-6B91-4C32-9130-4C0FBFFF6104}.Release|Any CPU.Build.0 = Release|Any CPU
		{DE801B9B-6B91-4C32-9130-4C0FBFFF6104}.Release|x64.ActiveCfg = Release|Any CPU
		{DE801B9B-6B91-4C32-9130-4C0FBFFF6104}.Release|x64.Build.0 = Release|Any CPU
		{DE801B9B-6B91-4C32-9130-4C0FBFFF6104}.Release|x86.ActiveCfg = Release|Any CPU
		{DE801B9B-6B91-4C32-9130-4C0FBFFF6104}.Release|x86.Build.0 = Release|Any CPU
		{34C3461A-E075-4F21-8E83-353A9F18C600}.Debug|Any CPU.ActiveCfg = Debug|Any CPU
		{34C3461A-E075-4F21-8E83-353A9F18C600}.Debug|Any CPU.Build.0 = Debug|Any CPU
		{34C3461A-E075-4F21-8E83-353A9F18C600}.Debug|x64.ActiveCfg = Debug|Any CPU
		{34C3461A-E075-4F21-8E83-353A9F18C600}.Debug|x64.Build.0 = Debug|Any CPU
		{34C3461A-E075-4F21-8E83-353A9F18C600}.Debug|x86.ActiveCfg = Debug|Any CPU
		{34C3461A-E075-4F21-8E83-353A9F18C600}.Debug|x86.Build.0 = Debug|Any CPU
		{34C3461A-E075-4F21-8E83-353A9F18C600}.Release|Any CPU.ActiveCfg = Release|Any CPU
		{34C3461A-E075-4F21-8E83-353A9F18C600}.Release|Any CPU.Build.0 = Release|Any CPU
		{34C3461A-E075-4F21-8E83-353A9F18C600}.Release|x64.ActiveCfg = Release|Any CPU
		{34C3461A-E075-4F21-8E83-353A9F18C600}.Release|x64.Build.0 = Release|Any CPU
		{34C3461A-E075-4F21-8E83-353A9F18C600}.Release|x86.ActiveCfg = Release|Any CPU
		{34C3461A-E075-4F21-8E83-353A9F18C600}.Release|x86.Build.0 = Release|Any CPU
	EndGlobalSection
EndGlobal
